
Microsoft Visual Studio Solution File, Format Version 12.00
# Visual Studio Version 17
VisualStudioVersion = 17.14.36414.22
MinimumVisualStudioVersion = 10.0.40219.1
Project("{2150E333-8FDC-42A3-9474-1A3956D46DE8}") = "Task0", "Task0", "{02EA681E-C7D8-13C7-8484-4AC65E1B71E8}"
EndProject
Project("{FAE04EC0-301F-11D3-BF4B-00C04F79EFBC}") = "Tyuiu.BukhryakovAY.Sprint5.Task0.V14", "Tyuiu.BukhryakovAY.Sprint5.Task0.V14\Tyuiu.BukhryakovAY.Sprint5.Task0.V14.csproj", "{24B445B9-6327-418C-BDCD-1AE9211AC881}"
EndProject
Project("{FAE04EC0-301F-11D3-BF4B-00C04F79EFBC}") = "Tyuiu.BukhryakovAY.Sprint5.Task0.V14.Test", "Tyuiu.BukhryakovAY.Sprint5.Task0.V14.Test\Tyuiu.BukhryakovAY.Sprint5.Task0.V14.Test.csproj", "{0E5BF8E0-20D3-4775-BC2E-D743A25831C4}"
EndProject
Project("{FAE04EC0-301F-11D3-BF4B-00C04F79EFBC}") = "Tyuiu.BukhryakovAY.Sprint5.Task0.V14.Lib", "Tyuiu.BukhryakovAY.Sprint5.Task0.V14.Lib\Tyuiu.BukhryakovAY.Sprint5.Task0.V14.Lib.csproj", "{5707309B-B67C-41EB-B71D-8800FF72EE8E}"
EndProject
Project("{2150E333-8FDC-42A3-9474-1A3956D46DE8}") = "Task1", "Task1", "{4F03BE1E-BB40-4413-8513-6DEC29BB61F0}"
EndProject
Project("{FAE04EC0-301F-11D3-BF4B-00C04F79EFBC}") = "Tyuiu.BukhryakovAY.Sprint5.Task1.V13", "Tyuiu.BukhryakovAY.Sprint5.Task1.V13\Tyuiu.BukhryakovAY.Sprint5.Task1.V13.csproj", "{44A68DB0-1143-4E22-8096-5FA7DD1C6429}"
EndProject
Project("{FAE04EC0-301F-11D3-BF4B-00C04F79EFBC}") = "Tyuiu.BukhryakovAY.Sprint5.Task1.V13.Lib", "Tyuiu.BukhryakovAY.Sprint5.Task1.V13.Lib\Tyuiu.BukhryakovAY.Sprint5.Task1.V13.Lib.csproj", "{EF72A536-6D32-4B6E-8405-943D7963F8F5}"
EndProject
Project("{FAE04EC0-301F-11D3-BF4B-00C04F79EFBC}") = "Tyuiu.BukhryakovAY.Sprint5.Task1.V13.Test", "Tyuiu.BukhryakovAY.Sprint5.Task1.V13.Test\Tyuiu.BukhryakovAY.Sprint5.Task1.V13.Test.csproj", "{20A3A44C-6CC6-4ABD-8A05-0CFAEA27C3F3}"
EndProject
Project("{2150E333-8FDC-42A3-9474-1A3956D46DE8}") = "Task2", "Task2", "{E0CE5FBF-571F-40DB-AB09-8D211B53F651}"
EndProject
Project("{FAE04EC0-301F-11D3-BF4B-00C04F79EFBC}") = "Tyuiu.BukhryakovAY.Sprint5.Task2.V3", "Tyuiu.BukhryakovAY.Sprint5.Task2.V3\Tyuiu.BukhryakovAY.Sprint5.Task2.V3.csproj", "{889B47DA-01A6-44E5-B8C2-8A3E5E18AB10}"
EndProject
Project("{FAE04EC0-301F-11D3-BF4B-00C04F79EFBC}") = "Tyuiu.BukhryakovAY.Sprint5.Task2.V3.Test", "Tyuiu.BukhryakovAY.Sprint5.Task2.V3.Test\Tyuiu.BukhryakovAY.Sprint5.Task2.V3.Test.csproj", "{F3A4862A-97CE-4747-8425-22D499003B38}"
EndProject
Project("{FAE04EC0-301F-11D3-BF4B-00C04F79EFBC}") = "Tyuiu.BukhryakovAY.Sprint5.Task2.V3.Lib", "Tyuiu.BukhryakovAY.Sprint5.Task2.V3.Lib\Tyuiu.BukhryakovAY.Sprint5.Task2.V3.Lib.csproj", "{02699D30-068C-4CEA-B2C3-E31796B0F774}"
EndProject
Project("{2150E333-8FDC-42A3-9474-1A3956D46DE8}") = "Task3", "Task3", "{6E46FBEE-4B0E-49C1-91B2-9F4C98FCC9B5}"
EndProject
Project("{FAE04EC0-301F-11D3-BF4B-00C04F79EFBC}") = "Tyuiu.BukhryakovAY.Sprint5.Task3.V21", "Tyuiu.BukhryakovAY.Sprint5.Task3.V21\Tyuiu.BukhryakovAY.Sprint5.Task3.V21.csproj", "{074BF966-DE37-44CF-99E7-49208AFF4898}"
EndProject
Project("{FAE04EC0-301F-11D3-BF4B-00C04F79EFBC}") = "Tyuiu.BukhryakovAY.Sprint5.Task3.V21.Lib", "Tyuiu.BukhryakovAY.Sprint5.Task3.V21.Lib\Tyuiu.BukhryakovAY.Sprint5.Task3.V21.Lib.csproj", "{C772FFF7-0827-4673-BCDD-2438BAF52693}"
EndProject
Project("{FAE04EC0-301F-11D3-BF4B-00C04F79EFBC}") = "Tyuiu.BukhryakovAY.Sprint5.Task3.V21.Test", "Tyuiu.BukhryakovAY.Sprint5.Task3.V21.Test\Tyuiu.BukhryakovAY.Sprint5.Task3.V21.Test.csproj", "{B01AC991-5962-4DA4-89A4-A7882D9C22BF}"
EndProject
Project("{2150E333-8FDC-42A3-9474-1A3956D46DE8}") = "Task4", "Task4", "{E28E5E20-BCB5-4890-8096-13CB50624E34}"
EndProject
Project("{FAE04EC0-301F-11D3-BF4B-00C04F79EFBC}") = "Tyuiu.BukhryakovAY.Sprint5.Task4.V2", "Tyuiu.BukhryakovAY.Sprint5.Task4.V2\Tyuiu.BukhryakovAY.Sprint5.Task4.V2.csproj", "{EB7A6631-D2A9-468F-8823-8B299289B202}"
EndProject
Project("{FAE04EC0-301F-11D3-BF4B-00C04F79EFBC}") = "Tyuiu.BukhryakovAY.Sprint5.Task4.V2.Test", "Tyuiu.BukhryakovAY.Sprint5.Task4.V2.Test\Tyuiu.BukhryakovAY.Sprint5.Task4.V2.Test.csproj", "{16FE7944-6B52-489E-BDF9-A0908C0808AE}"
EndProject
Project("{FAE04EC0-301F-11D3-BF4B-00C04F79EFBC}") = "Tyuiu.BukhryakovAY.Sprint5.Task4.V2.Lib", "Tyuiu.BukhryakovAY.Sprint5.Task4.V2.Lib\Tyuiu.BukhryakovAY.Sprint5.Task4.V2.Lib.csproj", "{880A7FA9-0044-47A2-9BBB-6855E0F4FEC8}"
EndProject
Project("{2150E333-8FDC-42A3-9474-1A3956D46DE8}") = "Task5", "Task5", "{B1756B5E-AAD2-462B-B6E8-BB93CB7C1F24}"
EndProject
Project("{FAE04EC0-301F-11D3-BF4B-00C04F79EFBC}") = "Tyuiu.BukhryakovAY.Sprint5.Task5.V19", "Tyuiu.BukhryakovAY.Sprint5.Task5.V19\Tyuiu.BukhryakovAY.Sprint5.Task5.V19.csproj", "{71361B26-503F-4B53-8F14-A711757DBAC8}"
EndProject
Project("{FAE04EC0-301F-11D3-BF4B-00C04F79EFBC}") = "Tyuiu.BukhryakovAY.Sprint5.Task5.V19.Lib", "Tyuiu.BukhryakovAY.Sprint5.Task5.V19.Lib\Tyuiu.BukhryakovAY.Sprint5.Task5.V19.Lib.csproj", "{2C89119A-1821-4EB0-BDE7-5FC2E40178ED}"
EndProject
Project("{FAE04EC0-301F-11D3-BF4B-00C04F79EFBC}") = "Tyuiu.BukhryakovAY.Sprint5.Task5.V19.Test", "Tyuiu.BukhryakovAY.Sprint5.Task5.V19.Test\Tyuiu.BukhryakovAY.Sprint5.Task5.V19.Test.csproj", "{7C613508-AE26-4A76-8211-CBD420282425}"
EndProject
Project("{2150E333-8FDC-42A3-9474-1A3956D46DE8}") = "Task6", "Task6", "{3E068930-EFE7-4D5B-848D-2D171F4EFEF7}"
EndProject
Project("{FAE04EC0-301F-11D3-BF4B-00C04F79EFBC}") = "Tyuiu.BukhryakovAY.Sprint5.Task6.V22", "Tyuiu.BukhryakovAY.Sprint5.Task6.V22\Tyuiu.BukhryakovAY.Sprint5.Task6.V22.csproj", "{D1009A5B-DB82-4FC6-BD60-B52AEE17BBD2}"
EndProject
Project("{FAE04EC0-301F-11D3-BF4B-00C04F79EFBC}") = "Tyuiu.BukhryakovAY.Sprint5.Task6.V22.Lib", "Tyuiu.BukhryakovAY.Sprint5.Task6.V22.Lib\Tyuiu.BukhryakovAY.Sprint5.Task6.V22.Lib.csproj", "{83C5FCE5-9A2B-40E2-B02F-3CB41A36E451}"
EndProject
Project("{FAE04EC0-301F-11D3-BF4B-00C04F79EFBC}") = "Tyuiu.BukhryakovAY.Sprint5.Task6.V22.Test", "Tyuiu.BukhryakovAY.Sprint5.Task6.V22.Test\Tyuiu.BukhryakovAY.Sprint5.Task6.V22.Test.csproj", "{17DEDF15-A738-4644-B1D3-163F906241E6}"
EndProject
Project("{2150E333-8FDC-42A3-9474-1A3956D46DE8}") = "Task7", "Task7", "{6B37A496-2570-4832-A42A-E591E1B0644F}"
EndProject
Project("{FAE04EC0-301F-11D3-BF4B-00C04F79EFBC}") = "Tyuiu.BukhryakovAY.Sprint5.Task7.V8", "Tyuiu.BukhryakovAY.Sprint5.Task7.V8\Tyuiu.BukhryakovAY.Sprint5.Task7.V8.csproj", "{3E0A3D87-6ABB-4A0C-9198-A5C98709064D}"
EndProject
Project("{FAE04EC0-301F-11D3-BF4B-00C04F79EFBC}") = "Tyuiu.BukhryakovAY.Sprint5.Task7.V8.Lib", "Tyuiu.BukhryakovAY.Sprint5.Task7.V8.Lib\Tyuiu.BukhryakovAY.Sprint5.Task7.V8.Lib.csproj", "{36B3CBEF-E587-4AA6-ACAA-5E13699E6B37}"
EndProject
Project("{FAE04EC0-301F-11D3-BF4B-00C04F79EFBC}") = "Tyuiu.BukhryakovAY.Sprint5.Task7.V8.Test", "Tyuiu.BukhryakovAY.Sprint5.Task7.V8.Test\Tyuiu.BukhryakovAY.Sprint5.Task7.V8.Test.csproj", "{805CF4D9-2EA0-41FF-9B4D-C1936A4251F8}"
EndProject
Global
	GlobalSection(SolutionConfigurationPlatforms) = preSolution
		Debug|Any CPU = Debug|Any CPU
		Release|Any CPU = Release|Any CPU
	EndGlobalSection
	GlobalSection(ProjectConfigurationPlatforms) = postSolution
		{24B445B9-6327-418C-BDCD-1AE9211AC881}.Debug|Any CPU.ActiveCfg = Debug|Any CPU
		{24B445B9-6327-418C-BDCD-1AE9211AC881}.Debug|Any CPU.Build.0 = Debug|Any CPU
		{24B445B9-6327-418C-BDCD-1AE9211AC881}.Release|Any CPU.ActiveCfg = Release|Any CPU
		{24B445B9-6327-418C-BDCD-1AE9211AC881}.Release|Any CPU.Build.0 = Release|Any CPU
		{0E5BF8E0-20D3-4775-BC2E-D743A25831C4}.Debug|Any CPU.ActiveCfg = Debug|Any CPU
		{0E5BF8E0-20D3-4775-BC2E-D743A25831C4}.Debug|Any CPU.Build.0 = Debug|Any CPU
		{0E5BF8E0-20D3-4775-BC2E-D743A25831C4}.Release|Any CPU.ActiveCfg = Release|Any CPU
		{0E5BF8E0-20D3-4775-BC2E-D743A25831C4}.Release|Any CPU.Build.0 = Release|Any CPU
		{5707309B-B67C-41EB-B71D-8800FF72EE8E}.Debug|Any CPU.ActiveCfg = Debug|Any CPU
		{5707309B-B67C-41EB-B71D-8800FF72EE8E}.Debug|Any CPU.Build.0 = Debug|Any CPU
		{5707309B-B67C-41EB-B71D-8800FF72EE8E}.Release|Any CPU.ActiveCfg = Release|Any CPU
		{5707309B-B67C-41EB-B71D-8800FF72EE8E}.Release|Any CPU.Build.0 = Release|Any CPU
		{44A68DB0-1143-4E22-8096-5FA7DD1C6429}.Debug|Any CPU.ActiveCfg = Debug|Any CPU
		{44A68DB0-1143-4E22-8096-5FA7DD1C6429}.Debug|Any CPU.Build.0 = Debug|Any CPU
		{44A68DB0-1143-4E22-8096-5FA7DD1C6429}.Release|Any CPU.ActiveCfg = Release|Any CPU
		{44A68DB0-1143-4E22-8096-5FA7DD1C6429}.Release|Any CPU.Build.0 = Release|Any CPU
		{EF72A536-6D32-4B6E-8405-943D7963F8F5}.Debug|Any CPU.ActiveCfg = Debug|Any CPU
		{EF72A536-6D32-4B6E-8405-943D7963F8F5}.Debug|Any CPU.Build.0 = Debug|Any CPU
		{EF72A536-6D32-4B6E-8405-943D7963F8F5}.Release|Any CPU.ActiveCfg = Release|Any CPU
		{EF72A536-6D32-4B6E-8405-943D7963F8F5}.Release|Any CPU.Build.0 = Release|Any CPU
		{20A3A44C-6CC6-4ABD-8A05-0CFAEA27C3F3}.Debug|Any CPU.ActiveCfg = Debug|Any CPU
		{20A3A44C-6CC6-4ABD-8A05-0CFAEA27C3F3}.Debug|Any CPU.Build.0 = Debug|Any CPU
		{20A3A44C-6CC6-4ABD-8A05-0CFAEA27C3F3}.Release|Any CPU.ActiveCfg = Release|Any CPU
		{20A3A44C-6CC6-4ABD-8A05-0CFAEA27C3F3}.Release|Any CPU.Build.0 = Release|Any CPU
		{889B47DA-01A6-44E5-B8C2-8A3E5E18AB10}.Debug|Any CPU.ActiveCfg = Debug|Any CPU
		{889B47DA-01A6-44E5-B8C2-8A3E5E18AB10}.Debug|Any CPU.Build.0 = Debug|Any CPU
		{889B47DA-01A6-44E5-B8C2-8A3E5E18AB10}.Release|Any CPU.ActiveCfg = Release|Any CPU
		{889B47DA-01A6-44E5-B8C2-8A3E5E18AB10}.Release|Any CPU.Build.0 = Release|Any CPU
		{F3A4862A-97CE-4747-8425-22D499003B38}.Debug|Any CPU.ActiveCfg = Debug|Any CPU
		{F3A4862A-97CE-4747-8425-22D499003B38}.Debug|Any CPU.Build.0 = Debug|Any CPU
		{F3A4862A-97CE-4747-8425-22D499003B38}.Release|Any CPU.ActiveCfg = Release|Any CPU
		{F3A4862A-97CE-4747-8425-22D499003B38}.Release|Any CPU.Build.0 = Release|Any CPU
		{02699D30-068C-4CEA-B2C3-E31796B0F774}.Debug|Any CPU.ActiveCfg = Debug|Any CPU
		{02699D30-068C-4CEA-B2C3-E31796B0F774}.Debug|Any CPU.Build.0 = Debug|Any CPU
		{02699D30-068C-4CEA-B2C3-E31796B0F774}.Release|Any CPU.ActiveCfg = Release|Any CPU
		{02699D30-068C-4CEA-B2C3-E31796B0F774}.Release|Any CPU.Build.0 = Release|Any CPU
		{074BF966-DE37-44CF-99E7-49208AFF4898}.Debug|Any CPU.ActiveCfg = Debug|Any CPU
		{074BF966-DE37-44CF-99E7-49208AFF4898}.Debug|Any CPU.Build.0 = Debug|Any CPU
		{074BF966-DE37-44CF-99E7-49208AFF4898}.Release|Any CPU.ActiveCfg = Release|Any CPU
		{074BF966-DE37-44CF-99E7-49208AFF4898}.Release|Any CPU.Build.0 = Release|Any CPU
		{C772FFF7-0827-4673-BCDD-2438BAF52693}.Debug|Any CPU.ActiveCfg = Debug|Any CPU
		{C772FFF7-0827-4673-BCDD-2438BAF52693}.Debug|Any CPU.Build.0 = Debug|Any CPU
		{C772FFF7-0827-4673-BCDD-2438BAF52693}.Release|Any CPU.ActiveCfg = Release|Any CPU
		{C772FFF7-0827-4673-BCDD-2438BAF52693}.Release|Any CPU.Build.0 = Release|Any CPU
		{B01AC991-5962-4DA4-89A4-A7882D9C22BF}.Debug|Any CPU.ActiveCfg = Debug|Any CPU
		{B01AC991-5962-4DA4-89A4-A7882D9C22BF}.Debug|Any CPU.Build.0 = Debug|Any CPU
		{B01AC991-5962-4DA4-89A4-A7882D9C22BF}.Release|Any CPU.ActiveCfg = Release|Any CPU
		{B01AC991-5962-4DA4-89A4-A7882D9C22BF}.Release|Any CPU.Build.0 = Release|Any CPU
		{EB7A6631-D2A9-468F-8823-8B299289B202}.Debug|Any CPU.ActiveCfg = Debug|Any CPU
		{EB7A6631-D2A9-468F-8823-8B299289B202}.Debug|Any CPU.Build.0 = Debug|Any CPU
		{EB7A6631-D2A9-468F-8823-8B299289B202}.Release|Any CPU.ActiveCfg = Release|Any CPU
		{EB7A6631-D2A9-468F-8823-8B299289B202}.Release|Any CPU.Build.0 = Release|Any CPU
		{16FE7944-6B52-489E-BDF9-A0908C0808AE}.Debug|Any CPU.ActiveCfg = Debug|Any CPU
		{16FE7944-6B52-489E-BDF9-A0908C0808AE}.Debug|Any CPU.Build.0 = Debug|Any CPU
		{16FE7944-6B52-489E-BDF9-A0908C0808AE}.Release|Any CPU.ActiveCfg = Release|Any CPU
		{16FE7944-6B52-489E-BDF9-A0908C0808AE}.Release|Any CPU.Build.0 = Release|Any CPU
		{880A7FA9-0044-47A2-9BBB-6855E0F4FEC8}.Debug|Any CPU.ActiveCfg = Debug|Any CPU
		{880A7FA9-0044-47A2-9BBB-6855E0F4FEC8}.Debug|Any CPU.Build.0 = Debug|Any CPU
		{880A7FA9-0044-47A2-9BBB-6855E0F4FEC8}.Release|Any CPU.ActiveCfg = Release|Any CPU
		{880A7FA9-0044-47A2-9BBB-6855E0F4FEC8}.Release|Any CPU.Build.0 = Release|Any CPU
		{71361B26-503F-4B53-8F14-A711757DBAC8}.Debug|Any CPU.ActiveCfg = Debug|Any CPU
		{71361B26-503F-4B53-8F14-A711757DBAC8}.Debug|Any CPU.Build.0 = Debug|Any CPU
		{71361B26-503F-4B53-8F14-A711757DBAC8}.Release|Any CPU.ActiveCfg = Release|Any CPU
		{71361B26-503F-4B53-8F14-A711757DBAC8}.Release|Any CPU.Build.0 = Release|Any CPU
		{2C89119A-1821-4EB0-BDE7-5FC2E40178ED}.Debug|Any CPU.ActiveCfg = Debug|Any CPU
		{2C89119A-1821-4EB0-BDE7-5FC2E40178ED}.Debug|Any CPU.Build.0 = Debug|Any CPU
		{2C89119A-1821-4EB0-BDE7-5FC2E40178ED}.Release|Any CPU.ActiveCfg = Release|Any CPU
		{2C89119A-1821-4EB0-BDE7-5FC2E40178ED}.Release|Any CPU.Build.0 = Release|Any CPU
		{7C613508-AE26-4A76-8211-CBD420282425}.Debug|Any CPU.ActiveCfg = Debug|Any CPU
		{7C613508-AE26-4A76-8211-CBD420282425}.Debug|Any CPU.Build.0 = Debug|Any CPU
		{7C613508-AE26-4A76-8211-CBD420282425}.Release|Any CPU.ActiveCfg = Release|Any CPU
		{7C613508-AE26-4A76-8211-CBD420282425}.Release|Any CPU.Build.0 = Release|Any CPU
		{D1009A5B-DB82-4FC6-BD60-B52AEE17BBD2}.Debug|Any CPU.ActiveCfg = Debug|Any CPU
		{D1009A5B-DB82-4FC6-BD60-B52AEE17BBD2}.Debug|Any CPU.Build.0 = Debug|Any CPU
		{D1009A5B-DB82-4FC6-BD60-B52AEE17BBD2}.Release|Any CPU.ActiveCfg = Release|Any CPU
		{D1009A5B-DB82-4FC6-BD60-B52AEE17BBD2}.Release|Any CPU.Build.0 = Release|Any CPU
		{83C5FCE5-9A2B-40E2-B02F-3CB41A36E451}.Debug|Any CPU.ActiveCfg = Debug|Any CPU
		{83C5FCE5-9A2B-40E2-B02F-3CB41A36E451}.Debug|Any CPU.Build.0 = Debug|Any CPU
		{83C5FCE5-9A2B-40E2-B02F-3CB41A36E451}.Release|Any CPU.ActiveCfg = Release|Any CPU
		{83C5FCE5-9A2B-40E2-B02F-3CB41A36E451}.Release|Any CPU.Build.0 = Release|Any CPU
		{17DEDF15-A738-4644-B1D3-163F906241E6}.Debug|Any CPU.ActiveCfg = Debug|Any CPU
		{17DEDF15-A738-4644-B1D3-163F906241E6}.Debug|Any CPU.Build.0 = Debug|Any CPU
		{17DEDF15-A738-4644-B1D3-163F906241E6}.Release|Any CPU.ActiveCfg = Release|Any CPU
		{17DEDF15-A738-4644-B1D3-163F906241E6}.Release|Any CPU.Build.0 = Release|Any CPU
		{3E0A3D87-6ABB-4A0C-9198-A5C98709064D}.Debug|Any CPU.ActiveCfg = Debug|Any CPU
		{3E0A3D87-6ABB-4A0C-9198-A5C98709064D}.Debug|Any CPU.Build.0 = Debug|Any CPU
		{3E0A3D87-6ABB-4A0C-9198-A5C98709064D}.Release|Any CPU.ActiveCfg = Release|Any CPU
		{3E0A3D87-6ABB-4A0C-9198-A5C98709064D}.Release|Any CPU.Build.0 = Release|Any CPU
		{36B3CBEF-E587-4AA6-ACAA-5E13699E6B37}.Debug|Any CPU.ActiveCfg = Debug|Any CPU
		{36B3CBEF-E587-4AA6-ACAA-5E13699E6B37}.Debug|Any CPU.Build.0 = Debug|Any CPU
		{36B3CBEF-E587-4AA6-ACAA-5E13699E6B37}.Release|Any CPU.ActiveCfg = Release|Any CPU
		{36B3CBEF-E587-4AA6-ACAA-5E13699E6B37}.Release|Any CPU.Build.0 = Release|Any CPU
		{805CF4D9-2EA0-41FF-9B4D-C1936A4251F8}.Debug|Any CPU.ActiveCfg = Debug|Any CPU
		{805CF4D9-2EA0-41FF-9B4D-C1936A4251F8}.Debug|Any CPU.Build.0 = Debug|Any CPU
		{805CF4D9-2EA0-41FF-9B4D-C1936A4251F8}.Release|Any CPU.ActiveCfg = Release|Any CPU
		{805CF4D9-2EA0-41FF-9B4D-C1936A4251F8}.Release|Any CPU.Build.0 = Release|Any CPU
	EndGlobalSection
	GlobalSection(SolutionProperties) = preSolution
		HideSolutionNode = FALSE
	EndGlobalSection
	GlobalSection(NestedProjects) = preSolution
		{24B445B9-6327-418C-BDCD-1AE9211AC881} = {02EA681E-C7D8-13C7-8484-4AC65E1B71E8}
		{0E5BF8E0-20D3-4775-BC2E-D743A25831C4} = {02EA681E-C7D8-13C7-8484-4AC65E1B71E8}
		{5707309B-B67C-41EB-B71D-8800FF72EE8E} = {02EA681E-C7D8-13C7-8484-4AC65E1B71E8}
		{44A68DB0-1143-4E22-8096-5FA7DD1C6429} = {4F03BE1E-BB40-4413-8513-6DEC29BB61F0}
		{EF72A536-6D32-4B6E-8405-943D7963F8F5} = {4F03BE1E-BB40-4413-8513-6DEC29BB61F0}
		{20A3A44C-6CC6-4ABD-8A05-0CFAEA27C3F3} = {4F03BE1E-BB40-4413-8513-6DEC29BB61F0}
		{889B47DA-01A6-44E5-B8C2-8A3E5E18AB10} = {E0CE5FBF-571F-40DB-AB09-8D211B53F651}
		{F3A4862A-97CE-4747-8425-22D499003B38} = {E0CE5FBF-571F-40DB-AB09-8D211B53F651}
		{02699D30-068C-4CEA-B2C3-E31796B0F774} = {E0CE5FBF-571F-40DB-AB09-8D211B53F651}
		{074BF966-DE37-44CF-99E7-49208AFF4898} = {6E46FBEE-4B0E-49C1-91B2-9F4C98FCC9B5}
		{C772FFF7-0827-4673-BCDD-2438BAF52693} = {6E46FBEE-4B0E-49C1-91B2-9F4C98FCC9B5}
		{B01AC991-5962-4DA4-89A4-A7882D9C22BF} = {6E46FBEE-4B0E-49C1-91B2-9F4C98FCC9B5}
		{EB7A6631-D2A9-468F-8823-8B299289B202} = {E28E5E20-BCB5-4890-8096-13CB50624E34}
		{16FE7944-6B52-489E-BDF9-A0908C0808AE} = {E28E5E20-BCB5-4890-8096-13CB50624E34}
		{880A7FA9-0044-47A2-9BBB-6855E0F4FEC8} = {E28E5E20-BCB5-4890-8096-13CB50624E34}
		{71361B26-503F-4B53-8F14-A711757DBAC8} = {B1756B5E-AAD2-462B-B6E8-BB93CB7C1F24}
		{2C89119A-1821-4EB0-BDE7-5FC2E40178ED} = {B1756B5E-AAD2-462B-B6E8-BB93CB7C1F24}
		{7C613508-AE26-4A76-8211-CBD420282425} = {B1756B5E-AAD2-462B-B6E8-BB93CB7C1F24}
		{D1009A5B-DB82-4FC6-BD60-B52AEE17BBD2} = {3E068930-EFE7-4D5B-848D-2D171F4EFEF7}
		{83C5FCE5-9A2B-40E2-B02F-3CB41A36E451} = {3E068930-EFE7-4D5B-848D-2D171F4EFEF7}
		{17DEDF15-A738-4644-B1D3-163F906241E6} = {3E068930-EFE7-4D5B-848D-2D171F4EFEF7}
		{3E0A3D87-6ABB-4A0C-9198-A5C98709064D} = {6B37A496-2570-4832-A42A-E591E1B0644F}
		{36B3CBEF-E587-4AA6-ACAA-5E13699E6B37} = {6B37A496-2570-4832-A42A-E591E1B0644F}
		{805CF4D9-2EA0-41FF-9B4D-C1936A4251F8} = {6B37A496-2570-4832-A42A-E591E1B0644F}
	EndGlobalSection
	GlobalSection(ExtensibilityGlobals) = postSolution
		SolutionGuid = {2983CD93-504D-481B-87FA-6F2737B17B93}
	EndGlobalSection
EndGlobal
