
Microsoft Visual Studio Solution File, Format Version 12.00
# Visual Studio Version 17
VisualStudioVersion = 17.14.36414.22 d17.14
MinimumVisualStudioVersion = 10.0.40219.1
Project("{2150E333-8FDC-42A3-9474-1A3956D46DE8}") = "Task0", "Task0", "{02EA681E-C7D8-13C7-8484-4AC65E1B71E8}"
EndProject
Project("{FAE04EC0-301F-11D3-BF4B-00C04F79EFBC}") = "Tyuiu.BukhryakovAY.Sprint5.Task0.V14", "Tyuiu.BukhryakovAY.Sprint5.Task0.V14\Tyuiu.BukhryakovAY.Sprint5.Task0.V14.csproj", "{24B445B9-6327-418C-BDCD-1AE9211AC881}"
EndProject
Project("{FAE04EC0-301F-11D3-BF4B-00C04F79EFBC}") = "Tyuiu.BukhryakovAY.Sprint5.Task0.V14.Test", "Tyuiu.BukhryakovAY.Sprint5.Task0.V14.Test\Tyuiu.BukhryakovAY.Sprint5.Task0.V14.Test.csproj", "{0E5BF8E0-20D3-4775-BC2E-D743A25831C4}"
EndProject
Project("{FAE04EC0-301F-11D3-BF4B-00C04F79EFBC}") = "Tyuiu.BukhryakovAY.Sprint5.Task0.V14.Lib", "Tyuiu.BukhryakovAY.Sprint5.Task0.V14.Lib\Tyuiu.BukhryakovAY.Sprint5.Task0.V14.Lib.csproj", "{5707309B-B67C-41EB-B71D-8800FF72EE8E}"
EndProject
Global
	GlobalSection(SolutionConfigurationPlatforms) = preSolution
		Debug|Any CPU = Debug|Any CPU
		Release|Any CPU = Release|Any CPU
	EndGlobalSection
	GlobalSection(ProjectConfigurationPlatforms) = postSolution
		{24B445B9-6327-418C-BDCD-1AE9211AC881}.Debug|Any CPU.ActiveCfg = Debug|Any CPU
		{24B445B9-6327-418C-BDCD-1AE9211AC881}.Debug|Any CPU.Build.0 = Debug|Any CPU
		{24B445B9-6327-418C-BDCD-1AE9211AC881}.Release|Any CPU.ActiveCfg = Release|Any CPU
		{24B445B9-6327-418C-BDCD-1AE9211AC881}.Release|Any CPU.Build.0 = Release|Any CPU
		{0E5BF8E0-20D3-4775-BC2E-D743A25831C4}.Debug|Any CPU.ActiveCfg = Debug|Any CPU
		{0E5BF8E0-20D3-4775-BC2E-D743A25831C4}.Debug|Any CPU.Build.0 = Debug|Any CPU
		{0E5BF8E0-20D3-4775-BC2E-D743A25831C4}.Release|Any CPU.ActiveCfg = Release|Any CPU
		{0E5BF8E0-20D3-4775-BC2E-D743A25831C4}.Release|Any CPU.Build.0 = Release|Any CPU
		{5707309B-B67C-41EB-B71D-8800FF72EE8E}.Debug|Any CPU.ActiveCfg = Debug|Any CPU
		{5707309B-B67C-41EB-B71D-8800FF72EE8E}.Debug|Any CPU.Build.0 = Debug|Any CPU
		{5707309B-B67C-41EB-B71D-8800FF72EE8E}.Release|Any CPU.ActiveCfg = Release|Any CPU
		{5707309B-B67C-41EB-B71D-8800FF72EE8E}.Release|Any CPU.Build.0 = Release|Any CPU
	EndGlobalSection
	GlobalSection(SolutionProperties) = preSolution
		HideSolutionNode = FALSE
	EndGlobalSection
	GlobalSection(NestedProjects) = preSolution
		{24B445B9-6327-418C-BDCD-1AE9211AC881} = {02EA681E-C7D8-13C7-8484-4AC65E1B71E8}
		{0E5BF8E0-20D3-4775-BC2E-D743A25831C4} = {02EA681E-C7D8-13C7-8484-4AC65E1B71E8}
		{5707309B-B67C-41EB-B71D-8800FF72EE8E} = {02EA681E-C7D8-13C7-8484-4AC65E1B71E8}
	EndGlobalSection
	GlobalSection(ExtensibilityGlobals) = postSolution
		SolutionGuid = {2983CD93-504D-481B-87FA-6F2737B17B93}
	EndGlobalSection
EndGlobal
